
Microsoft Visual Studio Solution File, Format Version 12.00
# Visual Studio 15
VisualStudioVersion = 15.0.28107.0
MinimumVisualStudioVersion = 10.0.40219.1
Project("{9A19103F-16F7-4668-BE54-9A1E7A4F7556}") = "ThaniWebApi", "ThaniWebApi\ThaniWebApi.csproj", "{64997AB2-D080-4388-80F3-F80CE684C23C}"
EndProject
Project("{FAE04EC0-301F-11D3-BF4B-00C04F79EFBC}") = "ThaniClient", "ThaniClient\ThaniClient.csproj", "{1AF41A2D-8184-4C50-B691-8A3E1E28917A}"
	ProjectSection(ProjectDependencies) = postProject
		{64997AB2-D080-4388-80F3-F80CE684C23C} = {64997AB2-D080-4388-80F3-F80CE684C23C}
	EndProjectSection
EndProject
Global
	GlobalSection(SolutionConfigurationPlatforms) = preSolution
		Debug|Any CPU = Debug|Any CPU
		Release|Any CPU = Release|Any CPU
	EndGlobalSection
	GlobalSection(ProjectConfigurationPlatforms) = postSolution
		{64997AB2-D080-4388-80F3-F80CE684C23C}.Debug|Any CPU.ActiveCfg = Debug|Any CPU
		{64997AB2-D080-4388-80F3-F80CE684C23C}.Debug|Any CPU.Build.0 = Debug|Any CPU
		{64997AB2-D080-4388-80F3-F80CE684C23C}.Release|Any CPU.ActiveCfg = Release|Any CPU
		{64997AB2-D080-4388-80F3-F80CE684C23C}.Release|Any CPU.Build.0 = Release|Any CPU
		{1AF41A2D-8184-4C50-B691-8A3E1E28917A}.Debug|Any CPU.ActiveCfg = Debug|Any CPU
		{1AF41A2D-8184-4C50-B691-8A3E1E28917A}.Debug|Any CPU.Build.0 = Debug|Any CPU
		{1AF41A2D-8184-4C50-B691-8A3E1E28917A}.Release|Any CPU.ActiveCfg = Release|Any CPU
		{1AF41A2D-8184-4C50-B691-8A3E1E28917A}.Release|Any CPU.Build.0 = Release|Any CPU
	EndGlobalSection
	GlobalSection(SolutionProperties) = preSolution
		HideSolutionNode = FALSE
	EndGlobalSection
	GlobalSection(ExtensibilityGlobals) = postSolution
		SolutionGuid = {06547BEC-8535-4463-AFC6-24D9717B9CA3}
	EndGlobalSection
EndGlobal
